schema: '2.0'
stages:
  get_data:
    cmd: python get_data.py
    deps:
    - path: get_data.py
      hash: md5
      md5: 24fce20843465ebd0c5443c48b9ba85c
      size: 984
    outs:
    - path: data_raw.csv
      hash: md5
      md5: b427a8c0156e79f12e418b08cde43c7e
      size: 68868
  process:
    cmd: python process_data.py
    deps:
    - path: data_raw.csv
      hash: md5
      md5: b427a8c0156e79f12e418b08cde43c7e
      size: 68868
    - path: process_data.py
      hash: md5
      md5: 79b357c12f171f3d07c76780815b651c
      size: 900
    outs:
    - path: data_processed.csv
      hash: md5
      md5: 03269b6c0a766dc80e090326008765b3
      size: 24227
  train:
    cmd: python train.py
    deps:
    - path: data_processed.csv
      hash: md5
      md5: 03269b6c0a766dc80e090326008765b3
      size: 24227
    - path: train.py
      hash: md5
      md5: 0b78f206f96dd76a1d0dcdae218d30f1
      size: 1502
    outs:
    - path: by_region.png
      hash: md5
      md5: dd264af2919ad6ca60687fd05c641bfb
      size: 7973
    - path: metrics.json
      hash: md5
      md5: ac2dbc82c9f538576ba61e4c5315e980
      size: 90
